PODS:
  - AppLovinSDK (13.1.0)
  - FBAudienceNetwork (6.17.1)
  - Fyber_Marketplace_SDK (8.3.6)
  - Google-Mobile-Ads-SDK (12.3.0):
    - GoogleUserMessagingPlatform (>= 1.1)
  - GoogleUserMessagingPlatform (3.0.0)
  - InMobiSDK (10.8.2)
  - IronSourceAdMobAdapter (4.3.64.0):
    - Google-Mobile-Ads-SDK (= 12.3.0)
    - IronSourceSDK (~> 8.4)
  - IronSourceAppLovinAdapter (4.3.53.0):
    - AppLovinSDK (= 13.1.0)
    - IronSourceSDK (~> 8.4)
  - IronSourceFacebookAdapter (4.3.49.0):
    - FBAudienceNetwork (= 6.17.1)
    - IronSourceSDK (~> 8.5)
  - IronSourceFyberAdapter (4.3.42.0):
    - Fyber_Marketplace_SDK (= 8.3.6)
    - IronSourceSDK (~> 8.4)
  - IronSourceInMobiAdapter (4.3.27.0):
    - InMobiSDK (= 10.8.2)
    - IronSourceSDK (~> 8.4)
  - IronSourceMintegralAdapter (4.3.34.0):
    - IronSourceSDK (~> 8.4)
    - MintegralAdSDK (= 7.7.7)
  - IronSourceSDK (8.8.0.0)
  - IronSourceUnityAdsAdapter (4.3.51.0):
    - IronSourceSDK (~> 8.4)
    - UnityAds (= 4.14.2)
  - IronSourceVungleAdapter (4.3.43.0):
    - IronSourceSDK (~> 8.4)
    - VungleAds (= 7.4.5)
  - MintegralAdSDK (7.7.7):
    - MintegralAdSDK/BannerAd (= 7.7.7)
    - MintegralAdSDK/BidBannerAd (= 7.7.7)
    - MintegralAdSDK/BidInterstitialVideoAd (= 7.7.7)
    - MintegralAdSDK/BidNativeAd (= 7.7.7)
    - MintegralAdSDK/BidNewInterstitialAd (= 7.7.7)
    - MintegralAdSDK/BidRewardVideoAd (= 7.7.7)
    - MintegralAdSDK/InterstitialVideoAd (= 7.7.7)
    - MintegralAdSDK/NativeAd (= 7.7.7)
    - MintegralAdSDK/NewInterstitialAd (= 7.7.7)
    - MintegralAdSDK/RewardVideoAd (= 7.7.7)
  - MintegralAdSDK/BannerAd (7.7.7):
    - MintegralAdSDK/NativeAd
  - MintegralAdSDK/BidBannerAd (7.7.7):
    - MintegralAdSDK/BannerAd
    - MintegralAdSDK/BidNativeAd
  - MintegralAdSDK/BidInterstitialVideoAd (7.7.7):
    - MintegralAdSDK/BidNativeAd
    - MintegralAdSDK/InterstitialVideoAd
  - MintegralAdSDK/BidNativeAd (7.7.7):
    - MintegralAdSDK/NativeAd
  - MintegralAdSDK/BidNewInterstitialAd (7.7.7):
    - MintegralAdSDK/BidNativeAd
    - MintegralAdSDK/NewInterstitialAd
  - MintegralAdSDK/BidRewardVideoAd (7.7.7):
    - MintegralAdSDK/BidNativeAd
    - MintegralAdSDK/RewardVideoAd
  - MintegralAdSDK/InterstitialVideoAd (7.7.7):
    - MintegralAdSDK/NativeAd
  - MintegralAdSDK/NativeAd (7.7.7)
  - MintegralAdSDK/NewInterstitialAd (7.7.7):
    - MintegralAdSDK/InterstitialVideoAd
    - MintegralAdSDK/NativeAd
  - MintegralAdSDK/RewardVideoAd (7.7.7):
    - MintegralAdSDK/NativeAd
  - UnityAds (4.14.2)
  - VungleAds (7.4.5)

DEPENDENCIES:
  - IronSourceAdMobAdapter
  - IronSourceAppLovinAdapter
  - IronSourceFacebookAdapter
  - IronSourceFyberAdapter
  - IronSourceInMobiAdapter
  - IronSourceMintegralAdapter
  - IronSourceSDK
  - IronSourceUnityAdsAdapter
  - IronSourceVungleAdapter

SPEC REPOS:
  trunk:
    - AppLovinSDK
    - FBAudienceNetwork
    - Fyber_Marketplace_SDK
    - Google-Mobile-Ads-SDK
    - GoogleUserMessagingPlatform
    - InMobiSDK
    - IronSourceAdMobAdapter
    - IronSourceAppLovinAdapter
    - IronSourceFacebookAdapter
    - IronSourceFyberAdapter
    - IronSourceInMobiAdapter
    - IronSourceMintegralAdapter
    - IronSourceSDK
    - IronSourceUnityAdsAdapter
    - IronSourceVungleAdapter
    - MintegralAdSDK
    - UnityAds
    - VungleAds

SPEC CHECKSUMS:
  AppLovinSDK: 539a0178d8bef4d68b2551a93526e0c1bba06cb2
  FBAudienceNetwork: eb3ffbf2b35df25e21e163657044ffef66616a40
  Fyber_Marketplace_SDK: 231146f679a38b29fe40c855b51c2a7dc085c116
  Google-Mobile-Ads-SDK: 01b1b77e0bdba8b4027ae62e9bd52e5a95d930aa
  GoogleUserMessagingPlatform: f8d0cdad3ca835406755d0a69aa634f00e76d576
  InMobiSDK: bf6bc10caae18237d097755d19ff5441f146f9c7
  IronSourceAdMobAdapter: 28bd1ecdb745dbe8a68fe0c0e21e92bbce0b84d6
  IronSourceAppLovinAdapter: 616be261763d52ff433896464d740cff2eee7172
  IronSourceFacebookAdapter: 0a7d6f747b0e1e7dbe5566a1ff75d477ef863139
  IronSourceFyberAdapter: 8a316945bf3d81623bb8e9c7427f3899cfa68c71
  IronSourceInMobiAdapter: d05e0413b599130dc937e41e6da2a28585da14a2
  IronSourceMintegralAdapter: 9ef7faf91169e95ccc2d8b74dac9e8d7e0a6b3af
  IronSourceSDK: ff0b14630899756847f7608a75182f10f022e5ef
  IronSourceUnityAdsAdapter: 9071c7db50f8d90a8bec96b238c7eb2037a56269
  IronSourceVungleAdapter: 756ed620bb83dcc84b119a388822597e26692e4c
  MintegralAdSDK: 190c6cd3d83b31b51833e3341857c58dc430da2e
  UnityAds: eabbbb3014326e45dc221a467fba16960e7b73e3
  VungleAds: 1da221690dd1a8710d0b6a4c7aeac14cb12d31ab

PODFILE CHECKSUM: bae30b3830f2c84847199697b0bdce184f6b82cf

COCOAPODS: 1.16.2
