
Microsoft Visual Studio Solution File, Format Version 12.00
# Visual Studio Version 16
VisualStudioVersion = 25.0.1706.13
MinimumVisualStudioVersion = 10.0.40219.1
Project("{FAE04EC0-301F-11D3-BF4B-00C04F79EFBC}") = "Google.UserMessagingPlatform", "Google.UserMessagingPlatform.csproj", "{EA56C6EA-488E-41E0-B32F-BD8178813E2A}"
EndProject
Global
	GlobalSection(SolutionConfigurationPlatforms) = preSolution
		Debug|Any CPU = Debug|Any CPU
		Release|Any CPU = Release|Any CPU
	EndGlobalSection
	GlobalSection(ProjectConfigurationPlatforms) = postSolution
		{EA56C6EA-488E-41E0-B32F-BD8178813E2A}.Debug|Any CPU.ActiveCfg = Debug|Any CPU
		{EA56C6EA-488E-41E0-B32F-BD8178813E2A}.Debug|Any CPU.Build.0 = Debug|Any CPU
		{EA56C6EA-488E-41E0-B32F-BD8178813E2A}.Release|Any CPU.ActiveCfg = Release|Any CPU
		{EA56C6EA-488E-41E0-B32F-BD8178813E2A}.Release|Any CPU.Build.0 = Release|Any CPU
	EndGlobalSection
	GlobalSection(SolutionProperties) = preSolution
		HideSolutionNode = FALSE
	EndGlobalSection
	GlobalSection(ExtensibilityGlobals) = postSolution
		SolutionGuid = {B0377CF7-0698-4930-83AA-5FBB3C31F7A7}
	EndGlobalSection
EndGlobal
