PODS:
  - Singular-SDK (12.8.1):
    - Singular-SDK/Main (= 12.8.1)
  - Singular-SDK/Main (12.8.1)

DEPENDENCIES:
  - Singular-SDK

SPEC REPOS:
  trunk:
    - Singular-SDK

SPEC CHECKSUMS:
  Singular-SDK: b270f0151037279a4e65054eb67cb74be6c5892f

PODFILE CHECKSUM: e3416060e009a9a0a9ea0747d12cf4e9baeda143

COCOAPODS: 1.16.2
