PODS:
  - Singular-SDK (12.7.1):
    - Singular-SDK/Main (= 12.7.1)
  - Singular-SDK/Main (12.7.1)

DEPENDENCIES:
  - Singular-SDK

SPEC REPOS:
  trunk:
    - Singular-SDK

SPEC CHECKSUMS:
  Singular-SDK: 732b370288b81d3a3cde217f062567641db3b39d

PODFILE CHECKSUM: e3416060e009a9a0a9ea0747d12cf4e9baeda143

COCOAPODS: 1.16.2
