
Microsoft Visual Studio Solution File, Format Version 12.00
# Visual Studio Version 18
VisualStudioVersion = 18.0.11217.181 d18.0
MinimumVisualStudioVersion = 10.0.40219.1
Project("{FAE04EC0-301F-11D3-BF4B-00C04F79EFBC}") = "HotChai.Bindings.Android.Tools.DesugarJdkLibs", "DesugarJdkLibs\HotChai.Bindings.Android.Tools.DesugarJdkLibs.csproj", "{2F0C5F86-B438-B6B6-9D12-914542598434}"
EndProject
Global
	GlobalSection(SolutionConfigurationPlatforms) = preSolution
		Debug|Any CPU = Debug|Any CPU
		Release|Any CPU = Release|Any CPU
	EndGlobalSection
	GlobalSection(ProjectConfigurationPlatforms) = postSolution
		{2F0C5F86-B438-B6B6-9D12-914542598434}.Debug|Any CPU.ActiveCfg = Debug|Any CPU
		{2F0C5F86-B438-B6B6-9D12-914542598434}.Debug|Any CPU.Build.0 = Debug|Any CPU
		{2F0C5F86-B438-B6B6-9D12-914542598434}.Release|Any CPU.ActiveCfg = Release|Any CPU
		{2F0C5F86-B438-B6B6-9D12-914542598434}.Release|Any CPU.Build.0 = Release|Any CPU
	EndGlobalSection
	GlobalSection(SolutionProperties) = preSolution
		HideSolutionNode = FALSE
	EndGlobalSection
	GlobalSection(ExtensibilityGlobals) = postSolution
		SolutionGuid = {F690871F-5D8F-4DD1-ADAC-DD1FB515C951}
	EndGlobalSection
EndGlobal
