PODS:
  - GoogleUserMessagingPlatform (2.7.0)

DEPENDENCIES:
  - GoogleUserMessagingPlatform

SPEC REPOS:
  trunk:
    - GoogleUserMessagingPlatform

SPEC CHECKSUMS:
  GoogleUserMessagingPlatform: a8b56893477f67212fbc8411c139e61d463349f5

PODFILE CHECKSUM: 729f8868b775bc586228a9fee6d2b30a9276810c

COCOAPODS: 1.16.2
